
Microsoft Visual Studio Solution File, Format Version 12.00
# Visual Studio 15
VisualStudioVersion = 15.0.26730.16
MinimumVisualStudioVersion = 10.0.40219.1
Project("{FAE04EC0-301F-11D3-BF4B-00C04F79EFBC}") = "CustomerViewer", "CustomerViewer\CustomerViewer.csproj", "{9B2E60FB-9EC0-4C62-9396-D968C3CBBCE8}"
EndProject
Global
	GlobalSection(SolutionConfigurationPlatforms) = preSolution
		Debug|Any CPU = Debug|Any CPU
		Release|Any CPU = Release|Any CPU
	EndGlobalSection
	GlobalSection(ProjectConfigurationPlatforms) = postSolution
		{9B2E60FB-9EC0-4C62-9396-D968C3CBBCE8}.Debug|Any CPU.ActiveCfg = Debug|Any CPU
		{9B2E60FB-9EC0-4C62-9396-D968C3CBBCE8}.Debug|Any CPU.Build.0 = Debug|Any CPU
		{9B2E60FB-9EC0-4C62-9396-D968C3CBBCE8}.Release|Any CPU.ActiveCfg = Release|Any CPU
		{9B2E60FB-9EC0-4C62-9396-D968C3CBBCE8}.Release|Any CPU.Build.0 = Release|Any CPU
	EndGlobalSection
	GlobalSection(SolutionProperties) = preSolution
		HideSolutionNode = FALSE
	EndGlobalSection
	GlobalSection(ExtensibilityGlobals) = postSolution
		SolutionGuid = {27E93992-7336-4FD8-9B9A-C2F4B7EDFB0A}
	EndGlobalSection
EndGlobal
